PODS:
  - Flutter (1.0.0)
  - MapLibre (6.19.1)
  - maplibre_gl (0.25.0):
    - Flutter
    - MapLibre (= 6.19.1)

DEPENDENCIES:
  - Flutter (from `Flutter`)
  - maplibre_gl (from `.symlinks/plugins/maplibre_gl/ios`)

SPEC REPOS:
  trunk:
    - MapLibre

EXTERNAL SOURCES:
  Flutter:
    :path: Flutter
  maplibre_gl:
    :path: ".symlinks/plugins/maplibre_gl/ios"

SPEC CHECKSUMS:
  Flutter: cabc95a1d2626b1b06e7179b784ebcf0c0cde467
  MapLibre: 7f24faba45439f80ccb0f83393c29fa32cb81952
  maplibre_gl: a2114567cbd1065866614fbd34dfb75ab782aaa2

PODFILE CHECKSUM: f8c2dcdfb50bb67645580d28a6bf814fca30bdec

COCOAPODS: 1.16.2
